
Microsoft Visual Studio Solution File, Format Version 12.00
# Visual Studio 15
VisualStudioVersion = 15.0.28307.421
MinimumVisualStudioVersion = 10.0.40219.1
Project("{FAE04EC0-301F-11D3-BF4B-00C04F79EFBC}") = "InterviewQuestions", "InterviewQuestions.csproj", "{D2B7F9C2-ABD3-4D2C-B67B-0D8F79EDD15B}"
EndProject
Global
	GlobalSection(SolutionConfigurationPlatforms) = preSolution
		Debug|Any CPU = Debug|Any CPU
		Release|Any CPU = Release|Any CPU
	EndGlobalSection
	GlobalSection(ProjectConfigurationPlatforms) = postSolution
		{D2B7F9C2-ABD3-4D2C-B67B-0D8F79EDD15B}.Debug|Any CPU.ActiveCfg = Debug|Any CPU
		{D2B7F9C2-ABD3-4D2C-B67B-0D8F79EDD15B}.Debug|Any CPU.Build.0 = Debug|Any CPU
		{D2B7F9C2-ABD3-4D2C-B67B-0D8F79EDD15B}.Release|Any CPU.ActiveCfg = Release|Any CPU
		{D2B7F9C2-ABD3-4D2C-B67B-0D8F79EDD15B}.Release|Any CPU.Build.0 = Release|Any CPU
	EndGlobalSection
	GlobalSection(SolutionProperties) = preSolution
		HideSolutionNode = FALSE
	EndGlobalSection
	GlobalSection(ExtensibilityGlobals) = postSolution
		SolutionGuid = {5CFF7C2B-437E-4EFE-BC96-C7498EC94B1A}
	EndGlobalSection
EndGlobal
